
Microsoft Visual Studio Solution File, Format Version 12.00
# Visual Studio Version 17
VisualStudioVersion = 17.5.33530.505
MinimumVisualStudioVersion = 10.0.40219.1
Project("{9A19103F-16F7-4668-BE54-9A1E7A4F7556}") = "InMemoryApp.Web", "InMemoryApp.Web\InMemoryApp.Web.csproj", "{DBD92539-6F74-45BE-953C-35B9D946A521}"
EndProject
Project("{FAE04EC0-301F-11D3-BF4B-00C04F79EFBC}") = "IDistributedCacheRedisApp.Web", "IDistributedCacheRedisApp.Web\IDistributedCacheRedisApp.Web.csproj", "{D5AC8164-F987-420F-8F93-AB3381E45337}"
EndProject
Global
	GlobalSection(SolutionConfigurationPlatforms) = preSolution
		Debug|Any CPU = Debug|Any CPU
		Release|Any CPU = Release|Any CPU
	EndGlobalSection
	GlobalSection(ProjectConfigurationPlatforms) = postSolution
		{DBD92539-6F74-45BE-953C-35B9D946A521}.Debug|Any CPU.ActiveCfg = Debug|Any CPU
		{DBD92539-6F74-45BE-953C-35B9D946A521}.Debug|Any CPU.Build.0 = Debug|Any CPU
		{DBD92539-6F74-45BE-953C-35B9D946A521}.Release|Any CPU.ActiveCfg = Release|Any CPU
		{DBD92539-6F74-45BE-953C-35B9D946A521}.Release|Any CPU.Build.0 = Release|Any CPU
		{D5AC8164-F987-420F-8F93-AB3381E45337}.Debug|Any CPU.ActiveCfg = Debug|Any CPU
		{D5AC8164-F987-420F-8F93-AB3381E45337}.Debug|Any CPU.Build.0 = Debug|Any CPU
		{D5AC8164-F987-420F-8F93-AB3381E45337}.Release|Any CPU.ActiveCfg = Release|Any CPU
		{D5AC8164-F987-420F-8F93-AB3381E45337}.Release|Any CPU.Build.0 = Release|Any CPU
	EndGlobalSection
	GlobalSection(SolutionProperties) = preSolution
		HideSolutionNode = FALSE
	EndGlobalSection
	GlobalSection(ExtensibilityGlobals) = postSolution
		SolutionGuid = {C55D8596-140C-4ECF-94D0-F08648CBFF05}
	EndGlobalSection
EndGlobal
